// !$*UTF8*$!
{
	archiveVersion = 1;
	classes = {
	};
	objectVersion = 56;
	objects = {

/* Begin PBXBuildFile section */
		9F8809A82D2AE85C007C63E5 /* GFAlertVC.swift in Sources */ = {isa = PBXBuildFile; fileRef = 9F8809A72D2AE85C007C63E5 /* GFAlertVC.swift */; };
		9F8809AA2D2AE889007C63E5 /* GFBodyLabel.swift in Sources */ = {isa = PBXBuildFile; fileRef = 9F8809A92D2AE889007C63E5 /* GFBodyLabel.swift */; };
		9F8809AC2D2AE8B3007C63E5 /* GFTitleLabel.swift in Sources */ = {isa = PBXBuildFile; fileRef = 9F8809AB2D2AE8B3007C63E5 /* GFTitleLabel.swift */; };
		9F8809AE2D2AE8CF007C63E5 /* UIViewController+ext.swift in Sources */ = {isa = PBXBuildFile; fileRef = 9F8809AD2D2AE8CF007C63E5 /* UIViewController+ext.swift */; };
		9F8809B52D2AEE44007C63E5 /* Follower.swift in Sources */ = {isa = PBXBuildFile; fileRef = 9F8809B42D2AEE44007C63E5 /* Follower.swift */; };
		9F8809B72D2AEECF007C63E5 /* User.swift in Sources */ = {isa = PBXBuildFile; fileRef = 9F8809B62D2AEECF007C63E5 /* User.swift */; };
		9F8809BA2D2AF1C9007C63E5 /* NetworkManager.swift in Sources */ = {isa = PBXBuildFile; fileRef = 9F8809B92D2AF1C9007C63E5 /* NetworkManager.swift */; };
		9F8809BD2D2B0C55007C63E5 /* ErrorMessage.swift in Sources */ = {isa = PBXBuildFile; fileRef = 9F8809BC2D2B0C55007C63E5 /* ErrorMessage.swift */; };
		9F8809C02D2B172E007C63E5 /* FollowerCell.swift in Sources */ = {isa = PBXBuildFile; fileRef = 9F8809BF2D2B172E007C63E5 /* FollowerCell.swift */; };
		9F8809C22D2B1804007C63E5 /* GFAvatarImageView.swift in Sources */ = {isa = PBXBuildFile; fileRef = 9F8809C12D2B1804007C63E5 /* GFAvatarImageView.swift */; };
		9F8809C42D2B2CCF007C63E5 /* UIHelper.swift in Sources */ = {isa = PBXBuildFile; fileRef = 9F8809C32D2B2CCF007C63E5 /* UIHelper.swift */; };
		9F8809CC2D2B3A74007C63E5 /* GFEmptyState.swift in Sources */ = {isa = PBXBuildFile; fileRef = 9F8809CB2D2B3A74007C63E5 /* GFEmptyState.swift */; };
		9FD077A02D288FAA00EA8E7E /* AppDelegate.swift in Sources */ = {isa = PBXBuildFile; fileRef = 9FD0779F2D288FAA00EA8E7E /* AppDelegate.swift */; };
		9FD077A22D288FAA00EA8E7E /* SceneDelegate.swift in Sources */ = {isa = PBXBuildFile; fileRef = 9FD077A12D288FAA00EA8E7E /* SceneDelegate.swift */; };
		9FD077A92D288FAC00EA8E7E /* Assets.xcassets in Resources */ = {isa = PBXBuildFile; fileRef = 9FD077A82D288FAC00EA8E7E /* Assets.xcassets */; };
		9FD077AC2D288FAC00EA8E7E /* Base in Resources */ = {isa = PBXBuildFile; fileRef = 9FD077AB2D288FAC00EA8E7E /* Base */; };
		9FD077B72D288FAC00EA8E7E /* CursoPeladoTests.swift in Sources */ = {isa = PBXBuildFile; fileRef = 9FD077B62D288FAC00EA8E7E /* CursoPeladoTests.swift */; };
		9FD077C12D288FAC00EA8E7E /* CursoPeladoUITests.swift in Sources */ = {isa = PBXBuildFile; fileRef = 9FD077C02D288FAC00EA8E7E /* CursoPeladoUITests.swift */; };
		9FD077C32D288FAC00EA8E7E /* CursoPeladoUITestsLaunchTests.swift in Sources */ = {isa = PBXBuildFile; fileRef = 9FD077C22D288FAC00EA8E7E /* CursoPeladoUITestsLaunchTests.swift */; };
		9FD077D02D29E0F400EA8E7E /* SearchVCViewController.swift in Sources */ = {isa = PBXBuildFile; fileRef = 9FD077CF2D29E0F400EA8E7E /* SearchVCViewController.swift */; };
		9FD077D22D29E14C00EA8E7E /* FavoritesListVSViewController.swift in Sources */ = {isa = PBXBuildFile; fileRef = 9FD077D12D29E14C00EA8E7E /* FavoritesListVSViewController.swift */; };
		9FD077D42D29E77A00EA8E7E /* GFButton.swift in Sources */ = {isa = PBXBuildFile; fileRef = 9FD077D32D29E77A00EA8E7E /* GFButton.swift */; };
		9FD077D62D29E99E00EA8E7E /* GFTextField.swift in Sources */ = {isa = PBXBuildFile; fileRef = 9FD077D52D29E99E00EA8E7E /* GFTextField.swift */; };
		9FD077D82D2A03FF00EA8E7E /* FollowersListVCViewController.swift in Sources */ = {isa = PBXBuildFile; fileRef = 9FD077D72D2A03FF00EA8E7E /* FollowersListVCViewController.swift */; };
		9FFDAE6D2D2C9974002B7D25 /* UserInfoVC.swift in Sources */ = {isa = PBXBuildFile; fileRef = 9FFDAE6C2D2C9974002B7D25 /* UserInfoVC.swift */; };
		9FFDAE6F2D2CA30B002B7D25 /* GFUserInfoHeaderVC.swift in Sources */ = {isa = PBXBuildFile; fileRef = 9FFDAE6E2D2CA30B002B7D25 /* GFUserInfoHeaderVC.swift */; };
		9FFDAE712D2CA39E002B7D25 /* GFSecondaryTitleLabel.swift in Sources */ = {isa = PBXBuildFile; fileRef = 9FFDAE702D2CA39E002B7D25 /* GFSecondaryTitleLabel.swift */; };
		9FFDAE732D2CABB5002B7D25 /* Constants.swift in Sources */ = {isa = PBXBuildFile; fileRef = 9FFDAE722D2CABB5002B7D25 /* Constants.swift */; };
		9FFDAE752D2CB449002B7D25 /* GFItemInfoVIew.swift in Sources */ = {isa = PBXBuildFile; fileRef = 9FFDAE742D2CB449002B7D25 /* GFItemInfoVIew.swift */; };
		9FFDAE772D2CBDF7002B7D25 /* GFItemInfoVC.swift in Sources */ = {isa = PBXBuildFile; fileRef = 9FFDAE762D2CBDF7002B7D25 /* GFItemInfoVC.swift */; };
		9FFDAE792D2CC07B002B7D25 /* GFRepoItemVC.swift in Sources */ = {isa = PBXBuildFile; fileRef = 9FFDAE782D2CC07B002B7D25 /* GFRepoItemVC.swift */; };
		9FFDAE7B2D2CC2C8002B7D25 /* GFFollowerItemVC.swift in Sources */ = {isa = PBXBuildFile; fileRef = 9FFDAE7A2D2CC2C8002B7D25 /* GFFollowerItemVC.swift */; };
		9FFDAE7E2D2D6194002B7D25 /* Date+ext.swift in Sources */ = {isa = PBXBuildFile; fileRef = 9FFDAE7D2D2D6194002B7D25 /* Date+ext.swift */; };
		9FFDAE802D2D61C8002B7D25 /* String+ext.swift in Sources */ = {isa = PBXBuildFile; fileRef = 9FFDAE7F2D2D61C8002B7D25 /* String+ext.swift */; };
		9FFDAE822D2D8A22002B7D25 /* PersistenceManager.swift in Sources */ = {isa = PBXBuildFile; fileRef = 9FFDAE812D2D8A22002B7D25 /* PersistenceManager.swift */; };
		9FFDAE842D2D94D5002B7D25 /* FavoriteCell.swift in Sources */ = {isa = PBXBuildFile; fileRef = 9FFDAE832D2D94D5002B7D25 /* FavoriteCell.swift */; };
/* End PBXBuildFile section */

/* Begin PBXContainerItemProxy section */
		9FD077B32D288FAC00EA8E7E /* PBXContainerItemProxy */ = {
			isa = PBXContainerItemProxy;
			containerPortal = 9FD077942D288FAA00EA8E7E /* Project object */;
			proxyType = 1;
			remoteGlobalIDString = 9FD0779B2D288FAA00EA8E7E;
			remoteInfo = CursoPelado;
		};
		9FD077BD2D288FAC00EA8E7E /* PBXContainerItemProxy */ = {
			isa = PBXContainerItemProxy;
			containerPortal = 9FD077942D288FAA00EA8E7E /* Project object */;
			proxyType = 1;
			remoteGlobalIDString = 9FD0779B2D288FAA00EA8E7E;
			remoteInfo = CursoPelado;
		};
/* End PBXContainerItemProxy section */

/* Begin PBXFileReference section */
		9F8809A72D2AE85C007C63E5 /* GFAlertVC.swift */ = {isa = PBXFileReference; lastKnownFileType = sourcecode.swift; path = GFAlertVC.swift; sourceTree = "<group>"; };
		9F8809A92D2AE889007C63E5 /* GFBodyLabel.swift */ = {isa = PBXFileReference; lastKnownFileType = sourcecode.swift; path = GFBodyLabel.swift; sourceTree = "<group>"; };
		9F8809AB2D2AE8B3007C63E5 /* GFTitleLabel.swift */ = {isa = PBXFileReference; lastKnownFileType = sourcecode.swift; path = GFTitleLabel.swift; sourceTree = "<group>"; };
		9F8809AD2D2AE8CF007C63E5 /* UIViewController+ext.swift */ = {isa = PBXFileReference; lastKnownFileType = sourcecode.swift; path = "UIViewController+ext.swift"; sourceTree = "<group>"; };
		9F8809B42D2AEE44007C63E5 /* Follower.swift */ = {isa = PBXFileReference; lastKnownFileType = sourcecode.swift; path = Follower.swift; sourceTree = "<group>"; };
		9F8809B62D2AEECF007C63E5 /* User.swift */ = {isa = PBXFileReference; lastKnownFileType = sourcecode.swift; path = User.swift; sourceTree = "<group>"; };
		9F8809B92D2AF1C9007C63E5 /* NetworkManager.swift */ = {isa = PBXFileReference; lastKnownFileType = sourcecode.swift; path = NetworkManager.swift; sourceTree = "<group>"; };
		9F8809BC2D2B0C55007C63E5 /* ErrorMessage.swift */ = {isa = PBXFileReference; lastKnownFileType = sourcecode.swift; path = ErrorMessage.swift; sourceTree = "<group>"; };
		9F8809BF2D2B172E007C63E5 /* FollowerCell.swift */ = {isa = PBXFileReference; lastKnownFileType = sourcecode.swift; path = FollowerCell.swift; sourceTree = "<group>"; };
		9F8809C12D2B1804007C63E5 /* GFAvatarImageView.swift */ = {isa = PBXFileReference; lastKnownFileType = sourcecode.swift; path = GFAvatarImageView.swift; sourceTree = "<group>"; };
		9F8809C32D2B2CCF007C63E5 /* UIHelper.swift */ = {isa = PBXFileReference; lastKnownFileType = sourcecode.swift; path = UIHelper.swift; sourceTree = "<group>"; };
		9F8809CB2D2B3A74007C63E5 /* GFEmptyState.swift */ = {isa = PBXFileReference; lastKnownFileType = sourcecode.swift; path = GFEmptyState.swift; sourceTree = "<group>"; };
		9FD0779C2D288FAA00EA8E7E /* CursoPelado.app */ = {isa = PBXFileReference; explicitFileType = wrapper.application; includeInIndex = 0; path = CursoPelado.app; sourceTree = BUILT_PRODUCTS_DIR; };
		9FD0779F2D288FAA00EA8E7E /* AppDelegate.swift */ = {isa = PBXFileReference; lastKnownFileType = sourcecode.swift; path = AppDelegate.swift; sourceTree = "<group>"; };
		9FD077A12D288FAA00EA8E7E /* SceneDelegate.swift */ = {isa = PBXFileReference; lastKnownFileType = sourcecode.swift; path = SceneDelegate.swift; sourceTree = "<group>"; };
		9FD077A82D288FAC00EA8E7E /* Assets.xcassets */ = {isa = PBXFileReference; lastKnownFileType = folder.assetcatalog; path = Assets.xcassets; sourceTree = "<group>"; };
		9FD077AB2D288FAC00EA8E7E /* Base */ = {isa = PBXFileReference; lastKnownFileType = file.storyboard; name = Base; path = Base.lproj/LaunchScreen.storyboard; sourceTree = "<group>"; };
		9FD077AD2D288FAC00EA8E7E /* Info.plist */ = {isa = PBXFileReference; lastKnownFileType = text.plist.xml; path = Info.plist; sourceTree = "<group>"; };
		9FD077B22D288FAC00EA8E7E /* CursoPeladoTests.xctest */ = {isa = PBXFileReference; explicitFileType = wrapper.cfbundle; includeInIndex = 0; path = CursoPeladoTests.xctest; sourceTree = BUILT_PRODUCTS_DIR; };
		9FD077B62D288FAC00EA8E7E /* CursoPeladoTests.swift */ = {isa = PBXFileReference; lastKnownFileType = sourcecode.swift; path = CursoPeladoTests.swift; sourceTree = "<group>"; };
		9FD077BC2D288FAC00EA8E7E /* CursoPeladoUITests.xctest */ = {isa = PBXFileReference; explicitFileType = wrapper.cfbundle; includeInIndex = 0; path = CursoPeladoUITests.xctest; sourceTree = BUILT_PRODUCTS_DIR; };
		9FD077C02D288FAC00EA8E7E /* CursoPeladoUITests.swift */ = {isa = PBXFileReference; lastKnownFileType = sourcecode.swift; path = CursoPeladoUITests.swift; sourceTree = "<group>"; };
		9FD077C22D288FAC00EA8E7E /* CursoPeladoUITestsLaunchTests.swift */ = {isa = PBXFileReference; lastKnownFileType = sourcecode.swift; path = CursoPeladoUITestsLaunchTests.swift; sourceTree = "<group>"; };
		9FD077CF2D29E0F400EA8E7E /* SearchVCViewController.swift */ = {isa = PBXFileReference; lastKnownFileType = sourcecode.swift; path = SearchVCViewController.swift; sourceTree = "<group>"; };
		9FD077D12D29E14C00EA8E7E /* FavoritesListVSViewController.swift */ = {isa = PBXFileReference; lastKnownFileType = sourcecode.swift; path = FavoritesListVSViewController.swift; sourceTree = "<group>"; };
		9FD077D32D29E77A00EA8E7E /* GFButton.swift */ = {isa = PBXFileReference; lastKnownFileType = sourcecode.swift; path = GFButton.swift; sourceTree = "<group>"; };
		9FD077D52D29E99E00EA8E7E /* GFTextField.swift */ = {isa = PBXFileReference; lastKnownFileType = sourcecode.swift; path = GFTextField.swift; sourceTree = "<group>"; };
		9FD077D72D2A03FF00EA8E7E /* FollowersListVCViewController.swift */ = {isa = PBXFileReference; lastKnownFileType = sourcecode.swift; path = FollowersListVCViewController.swift; sourceTree = "<group>"; };
		9FFDAE6C2D2C9974002B7D25 /* UserInfoVC.swift */ = {isa = PBXFileReference; lastKnownFileType = sourcecode.swift; path = UserInfoVC.swift; sourceTree = "<group>"; };
		9FFDAE6E2D2CA30B002B7D25 /* GFUserInfoHeaderVC.swift */ = {isa = PBXFileReference; lastKnownFileType = sourcecode.swift; path = GFUserInfoHeaderVC.swift; sourceTree = "<group>"; };
		9FFDAE702D2CA39E002B7D25 /* GFSecondaryTitleLabel.swift */ = {isa = PBXFileReference; lastKnownFileType = sourcecode.swift; path = GFSecondaryTitleLabel.swift; sourceTree = "<group>"; };
		9FFDAE722D2CABB5002B7D25 /* Constants.swift */ = {isa = PBXFileReference; lastKnownFileType = sourcecode.swift; path = Constants.swift; sourceTree = "<group>"; };
		9FFDAE742D2CB449002B7D25 /* GFItemInfoVIew.swift */ = {isa = PBXFileReference; lastKnownFileType = sourcecode.swift; path = GFItemInfoVIew.swift; sourceTree = "<group>"; };
		9FFDAE762D2CBDF7002B7D25 /* GFItemInfoVC.swift */ = {isa = PBXFileReference; lastKnownFileType = sourcecode.swift; path = GFItemInfoVC.swift; sourceTree = "<group>"; };
		9FFDAE782D2CC07B002B7D25 /* GFRepoItemVC.swift */ = {isa = PBXFileReference; lastKnownFileType = sourcecode.swift; path = GFRepoItemVC.swift; sourceTree = "<group>"; };
		9FFDAE7A2D2CC2C8002B7D25 /* GFFollowerItemVC.swift */ = {isa = PBXFileReference; lastKnownFileType = sourcecode.swift; path = GFFollowerItemVC.swift; sourceTree = "<group>"; };
		9FFDAE7D2D2D6194002B7D25 /* Date+ext.swift */ = {isa = PBXFileReference; lastKnownFileType = sourcecode.swift; path = "Date+ext.swift"; sourceTree = "<group>"; };
		9FFDAE7F2D2D61C8002B7D25 /* String+ext.swift */ = {isa = PBXFileReference; lastKnownFileType = sourcecode.swift; path = "String+ext.swift"; sourceTree = "<group>"; };
		9FFDAE812D2D8A22002B7D25 /* PersistenceManager.swift */ = {isa = PBXFileReference; lastKnownFileType = sourcecode.swift; path = PersistenceManager.swift; sourceTree = "<group>"; };
		9FFDAE832D2D94D5002B7D25 /* FavoriteCell.swift */ = {isa = PBXFileReference; lastKnownFileType = sourcecode.swift; path = FavoriteCell.swift; sourceTree = "<group>"; };
/* End PBXFileReference section */

/* Begin PBXFrameworksBuildPhase section */
		9FD077992D288FAA00EA8E7E /* Frameworks */ = {
			isa = PBXFrameworksBuildPhase;
			buildActionMask = 2147483647;
			files = (
			);
			runOnlyForDeploymentPostprocessing = 0;
		};
		9FD077AF2D288FAC00EA8E7E /* Frameworks */ = {
			isa = PBXFrameworksBuildPhase;
			buildActionMask = 2147483647;
			files = (
			);
			runOnlyForDeploymentPostprocessing = 0;
		};
		9FD077B92D288FAC00EA8E7E /* Frameworks */ = {
			isa = PBXFrameworksBuildPhase;
			buildActionMask = 2147483647;
			files = (
			);
			runOnlyForDeploymentPostprocessing = 0;
		};
/* End PBXFrameworksBuildPhase section */

/* Begin PBXGroup section */
		9F8809AF2D2AE9A5007C63E5 /* Screens */ = {
			isa = PBXGroup;
			children = (
				9FD077D12D29E14C00EA8E7E /* FavoritesListVSViewController.swift */,
				9FD077D72D2A03FF00EA8E7E /* FollowersListVCViewController.swift */,
				9FD077CF2D29E0F400EA8E7E /* SearchVCViewController.swift */,
				9FFDAE6C2D2C9974002B7D25 /* UserInfoVC.swift */,
			);
			path = Screens;
			sourceTree = "<group>";
		};
		9F8809B02D2AE9D8007C63E5 /* CustomViews */ = {
			isa = PBXGroup;
			children = (
				9F8809CA2D2B3A4E007C63E5 /* Labels */,
				9F8809C92D2B3A18007C63E5 /* ImageViews */,
				9F8809C82D2B3A11007C63E5 /* Buttons */,
				9F8809C72D2B3A09007C63E5 /* TextFields */,
				9F8809C62D2B3A03007C63E5 /* ViewControllers */,
				9F8809C52D2B39EA007C63E5 /* Views */,
				9F8809BE2D2B170B007C63E5 /* Cells */,
			);
			path = CustomViews;
			sourceTree = "<group>";
		};
		9F8809B12D2AE9F9007C63E5 /* Extensions */ = {
			isa = PBXGroup;
			children = (
				9F8809AD2D2AE8CF007C63E5 /* UIViewController+ext.swift */,
				9FFDAE7D2D2D6194002B7D25 /* Date+ext.swift */,
				9FFDAE7F2D2D61C8002B7D25 /* String+ext.swift */,
			);
			path = Extensions;
			sourceTree = "<group>";
		};
		9F8809B32D2AEE30007C63E5 /* Model */ = {
			isa = PBXGroup;
			children = (
				9F8809B42D2AEE44007C63E5 /* Follower.swift */,
				9F8809B62D2AEECF007C63E5 /* User.swift */,
			);
			path = Model;
			sourceTree = "<group>";
		};
		9F8809B82D2AF1BB007C63E5 /* Managers */ = {
			isa = PBXGroup;
			children = (
				9F8809B92D2AF1C9007C63E5 /* NetworkManager.swift */,
				9FFDAE812D2D8A22002B7D25 /* PersistenceManager.swift */,
			);
			path = Managers;
			sourceTree = "<group>";
		};
		9F8809BB2D2B0C3D007C63E5 /* Utils */ = {
			isa = PBXGroup;
			children = (
				9F8809BC2D2B0C55007C63E5 /* ErrorMessage.swift */,
				9F8809C32D2B2CCF007C63E5 /* UIHelper.swift */,
				9FFDAE722D2CABB5002B7D25 /* Constants.swift */,
			);
			path = Utils;
			sourceTree = "<group>";
		};
		9F8809BE2D2B170B007C63E5 /* Cells */ = {
			isa = PBXGroup;
			children = (
				9F8809BF2D2B172E007C63E5 /* FollowerCell.swift */,
				9FFDAE832D2D94D5002B7D25 /* FavoriteCell.swift */,
			);
			path = Cells;
			sourceTree = "<group>";
		};
		9F8809C52D2B39EA007C63E5 /* Views */ = {
			isa = PBXGroup;
			children = (
				9F8809CB2D2B3A74007C63E5 /* GFEmptyState.swift */,
				9FFDAE742D2CB449002B7D25 /* GFItemInfoVIew.swift */,
			);
			path = Views;
			sourceTree = "<group>";
		};
		9F8809C62D2B3A03007C63E5 /* ViewControllers */ = {
			isa = PBXGroup;
			children = (
				9F8809A72D2AE85C007C63E5 /* GFAlertVC.swift */,
				9FFDAE6E2D2CA30B002B7D25 /* GFUserInfoHeaderVC.swift */,
				9FFDAE7C2D2CC312002B7D25 /* ItemInfoVCs */,
			);
			path = ViewControllers;
			sourceTree = "<group>";
		};
		9F8809C72D2B3A09007C63E5 /* TextFields */ = {
			isa = PBXGroup;
			children = (
				9FD077D52D29E99E00EA8E7E /* GFTextField.swift */,
			);
			path = TextFields;
			sourceTree = "<group>";
		};
		9F8809C82D2B3A11007C63E5 /* Buttons */ = {
			isa = PBXGroup;
			children = (
				9FD077D32D29E77A00EA8E7E /* GFButton.swift */,
			);
			path = Buttons;
			sourceTree = "<group>";
		};
		9F8809C92D2B3A18007C63E5 /* ImageViews */ = {
			isa = PBXGroup;
			children = (
				9F8809C12D2B1804007C63E5 /* GFAvatarImageView.swift */,
			);
			path = ImageViews;
			sourceTree = "<group>";
		};
		9F8809CA2D2B3A4E007C63E5 /* Labels */ = {
			isa = PBXGroup;
			children = (
				9F8809AB2D2AE8B3007C63E5 /* GFTitleLabel.swift */,
				9F8809A92D2AE889007C63E5 /* GFBodyLabel.swift */,
				9FFDAE702D2CA39E002B7D25 /* GFSecondaryTitleLabel.swift */,
			);
			path = Labels;
			sourceTree = "<group>";
		};
		9FD077932D288FAA00EA8E7E = {
			isa = PBXGroup;
			children = (
				9FD0779E2D288FAA00EA8E7E /* CursoPelado */,
				9FD077B52D288FAC00EA8E7E /* CursoPeladoTests */,
				9FD077BF2D288FAC00EA8E7E /* CursoPeladoUITests */,
				9FD0779D2D288FAA00EA8E7E /* Products */,
			);
			sourceTree = "<group>";
		};
		9FD0779D2D288FAA00EA8E7E /* Products */ = {
			isa = PBXGroup;
			children = (
				9FD0779C2D288FAA00EA8E7E /* CursoPelado.app */,
				9FD077B22D288FAC00EA8E7E /* CursoPeladoTests.xctest */,
				9FD077BC2D288FAC00EA8E7E /* CursoPeladoUITests.xctest */,
			);
			name = Products;
			sourceTree = "<group>";
		};
		9FD0779E2D288FAA00EA8E7E /* CursoPelado */ = {
			isa = PBXGroup;
			children = (
				9F8809BB2D2B0C3D007C63E5 /* Utils */,
				9F8809B82D2AF1BB007C63E5 /* Managers */,
				9F8809B32D2AEE30007C63E5 /* Model */,
				9FD0779F2D288FAA00EA8E7E /* AppDelegate.swift */,
				9FD077A12D288FAA00EA8E7E /* SceneDelegate.swift */,
				9FD077A82D288FAC00EA8E7E /* Assets.xcassets */,
				9FD077AA2D288FAC00EA8E7E /* LaunchScreen.storyboard */,
				9FD077AD2D288FAC00EA8E7E /* Info.plist */,
				9F8809B12D2AE9F9007C63E5 /* Extensions */,
				9F8809B02D2AE9D8007C63E5 /* CustomViews */,
				9F8809AF2D2AE9A5007C63E5 /* Screens */,
			);
			path = CursoPelado;
			sourceTree = "<group>";
		};
		9FD077B52D288FAC00EA8E7E /* CursoPeladoTests */ = {
			isa = PBXGroup;
			children = (
				9FD077B62D288FAC00EA8E7E /* CursoPeladoTests.swift */,
			);
			path = CursoPeladoTests;
			sourceTree = "<group>";
		};
		9FD077BF2D288FAC00EA8E7E /* CursoPeladoUITests */ = {
			isa = PBXGroup;
			children = (
				9FD077C02D288FAC00EA8E7E /* CursoPeladoUITests.swift */,
				9FD077C22D288FAC00EA8E7E /* CursoPeladoUITestsLaunchTests.swift */,
			);
			path = CursoPeladoUITests;
			sourceTree = "<group>";
		};
		9FFDAE7C2D2CC312002B7D25 /* ItemInfoVCs */ = {
			isa = PBXGroup;
			children = (
				9FFDAE762D2CBDF7002B7D25 /* GFItemInfoVC.swift */,
				9FFDAE782D2CC07B002B7D25 /* GFRepoItemVC.swift */,
				9FFDAE7A2D2CC2C8002B7D25 /* GFFollowerItemVC.swift */,
			);
			path = ItemInfoVCs;
			sourceTree = "<group>";
		};
/* End PBXGroup section */

/* Begin PBXNativeTarget section */
		9FD0779B2D288FAA00EA8E7E /* CursoPelado */ = {
			isa = PBXNativeTarget;
			buildConfigurationList = 9FD077C62D288FAC00EA8E7E /* Build configuration list for PBXNativeTarget "CursoPelado" */;
			buildPhases = (
				9FD077982D288FAA00EA8E7E /* Sources */,
				9FD077992D288FAA00EA8E7E /* Frameworks */,
				9FD0779A2D288FAA00EA8E7E /* Resources */,
			);
			buildRules = (
			);
			dependencies = (
			);
			name = CursoPelado;
			productName = CursoPelado;
			productReference = 9FD0779C2D288FAA00EA8E7E /* CursoPelado.app */;
			productType = "com.apple.product-type.application";
		};
		9FD077B12D288FAC00EA8E7E /* CursoPeladoTests */ = {
			isa = PBXNativeTarget;
			buildConfigurationList = 9FD077C92D288FAC00EA8E7E /* Build configuration list for PBXNativeTarget "CursoPeladoTests" */;
			buildPhases = (
				9FD077AE2D288FAC00EA8E7E /* Sources */,
				9FD077AF2D288FAC00EA8E7E /* Frameworks */,
				9FD077B02D288FAC00EA8E7E /* Resources */,
			);
			buildRules = (
			);
			dependencies = (
				9FD077B42D288FAC00EA8E7E /* PBXTargetDependency */,
			);
			name = CursoPeladoTests;
			productName = CursoPeladoTests;
			productReference = 9FD077B22D288FAC00EA8E7E /* CursoPeladoTests.xctest */;
			productType = "com.apple.product-type.bundle.unit-test";
		};
		9FD077BB2D288FAC00EA8E7E /* CursoPeladoUITests */ = {
			isa = PBXNativeTarget;
			buildConfigurationList = 9FD077CC2D288FAC00EA8E7E /* Build configuration list for PBXNativeTarget "CursoPeladoUITests" */;
			buildPhases = (
				9FD077B82D288FAC00EA8E7E /* Sources */,
				9FD077B92D288FAC00EA8E7E /* Frameworks */,
				9FD077BA2D288FAC00EA8E7E /* Resources */,
			);
			buildRules = (
			);
			dependencies = (
				9FD077BE2D288FAC00EA8E7E /* PBXTargetDependency */,
			);
			name = CursoPeladoUITests;
			productName = CursoPeladoUITests;
			productReference = 9FD077BC2D288FAC00EA8E7E /* CursoPeladoUITests.xctest */;
			productType = "com.apple.product-type.bundle.ui-testing";
		};
/* End PBXNativeTarget section */

/* Begin PBXProject section */
		9FD077942D288FAA00EA8E7E /* Project object */ = {
			isa = PBXProject;
			attributes = {
				BuildIndependentTargetsInParallel = 1;
				LastSwiftUpdateCheck = 1540;
				LastUpgradeCheck = 1540;
				TargetAttributes = {
					9FD0779B2D288FAA00EA8E7E = {
						CreatedOnToolsVersion = 15.4;
					};
					9FD077B12D288FAC00EA8E7E = {
						CreatedOnToolsVersion = 15.4;
						TestTargetID = 9FD0779B2D288FAA00EA8E7E;
					};
					9FD077BB2D288FAC00EA8E7E = {
						CreatedOnToolsVersion = 15.4;
						TestTargetID = 9FD0779B2D288FAA00EA8E7E;
					};
				};
			};
			buildConfigurationList = 9FD077972D288FAA00EA8E7E /* Build configuration list for PBXProject "CursoPelado" */;
			compatibilityVersion = "Xcode 14.0";
			developmentRegion = en;
			hasScannedForEncodings = 0;
			knownRegions = (
				en,
				Base,
			);
			mainGroup = 9FD077932D288FAA00EA8E7E;
			productRefGroup = 9FD0779D2D288FAA00EA8E7E /* Products */;
			projectDirPath = "";
			projectRoot = "";
			targets = (
				9FD0779B2D288FAA00EA8E7E /* CursoPelado */,
				9FD077B12D288FAC00EA8E7E /* CursoPeladoTests */,
				9FD077BB2D288FAC00EA8E7E /* CursoPeladoUITests */,
			);
		};
/* End PBXProject section */

/* Begin PBXResourcesBuildPhase section */
		9FD0779A2D288FAA00EA8E7E /* Resources */ = {
			isa = PBXResourcesBuildPhase;
			buildActionMask = 2147483647;
			files = (
				9FD077A92D288FAC00EA8E7E /* Assets.xcassets in Resources */,
				9FD077AC2D288FAC00EA8E7E /* Base in Resources */,
			);
			runOnlyForDeploymentPostprocessing = 0;
		};
		9FD077B02D288FAC00EA8E7E /* Resources */ = {
			isa = PBXResourcesBuildPhase;
			buildActionMask = 2147483647;
			files = (
			);
			runOnlyForDeploymentPostprocessing = 0;
		};
		9FD077BA2D288FAC00EA8E7E /* Resources */ = {
			isa = PBXResourcesBuildPhase;
			buildActionMask = 2147483647;
			files = (
			);
			runOnlyForDeploymentPostprocessing = 0;
		};
/* End PBXResourcesBuildPhase section */

/* Begin PBXSourcesBuildPhase section */
		9FD077982D288FAA00EA8E7E /* Sources */ = {
			isa = PBXSourcesBuildPhase;
			buildActionMask = 2147483647;
			files = (
				9F8809CC2D2B3A74007C63E5 /* GFEmptyState.swift in Sources */,
				9F8809B72D2AEECF007C63E5 /* User.swift in Sources */,
				9F8809A82D2AE85C007C63E5 /* GFAlertVC.swift in Sources */,
				9F8809AE2D2AE8CF007C63E5 /* UIViewController+ext.swift in Sources */,
				9FD077D62D29E99E00EA8E7E /* GFTextField.swift in Sources */,
				9FD077A02D288FAA00EA8E7E /* AppDelegate.swift in Sources */,
				9FFDAE772D2CBDF7002B7D25 /* GFItemInfoVC.swift in Sources */,
				9FFDAE732D2CABB5002B7D25 /* Constants.swift in Sources */,
				9F8809C42D2B2CCF007C63E5 /* UIHelper.swift in Sources */,
				9F8809C22D2B1804007C63E5 /* GFAvatarImageView.swift in Sources */,
				9FD077D82D2A03FF00EA8E7E /* FollowersListVCViewController.swift in Sources */,
				9FFDAE7B2D2CC2C8002B7D25 /* GFFollowerItemVC.swift in Sources */,
				9F8809AA2D2AE889007C63E5 /* GFBodyLabel.swift in Sources */,
				9F8809C02D2B172E007C63E5 /* FollowerCell.swift in Sources */,
				9FFDAE842D2D94D5002B7D25 /* FavoriteCell.swift in Sources */,
				9FFDAE6F2D2CA30B002B7D25 /* GFUserInfoHeaderVC.swift in Sources */,
				9F8809BD2D2B0C55007C63E5 /* ErrorMessage.swift in Sources */,
				9FFDAE802D2D61C8002B7D25 /* String+ext.swift in Sources */,
				9FD077D42D29E77A00EA8E7E /* GFButton.swift in Sources */,
				9F8809B52D2AEE44007C63E5 /* Follower.swift in Sources */,
				9FFDAE712D2CA39E002B7D25 /* GFSecondaryTitleLabel.swift in Sources */,
				9FD077D22D29E14C00EA8E7E /* FavoritesListVSViewController.swift in Sources */,
				9FFDAE822D2D8A22002B7D25 /* PersistenceManager.swift in Sources */,
				9FFDAE752D2CB449002B7D25 /* GFItemInfoVIew.swift in Sources */,
				9F8809BA2D2AF1C9007C63E5 /* NetworkManager.swift in Sources */,
				9FD077A22D288FAA00EA8E7E /* SceneDelegate.swift in Sources */,
				9F8809AC2D2AE8B3007C63E5 /* GFTitleLabel.swift in Sources */,
				9FD077D02D29E0F400EA8E7E /* SearchVCViewController.swift in Sources */,
				9FFDAE792D2CC07B002B7D25 /* GFRepoItemVC.swift in Sources */,
				9FFDAE6D2D2C9974002B7D25 /* UserInfoVC.swift in Sources */,
				9FFDAE7E2D2D6194002B7D25 /* Date+ext.swift in Sources */,
			);
			runOnlyForDeploymentPostprocessing = 0;
		};
		9FD077AE2D288FAC00EA8E7E /* Sources */ = {
			isa = PBXSourcesBuildPhase;
			buildActionMask = 2147483647;
			files = (
				9FD077B72D288FAC00EA8E7E /* CursoPeladoTests.swift in Sources */,
			);
			runOnlyForDeploymentPostprocessing = 0;
		};
		9FD077B82D288FAC00EA8E7E /* Sources */ = {
			isa = PBXSourcesBuildPhase;
			buildActionMask = 2147483647;
			files = (
				9FD077C32D288FAC00EA8E7E /* CursoPeladoUITestsLaunchTests.swift in Sources */,
				9FD077C12D288FAC00EA8E7E /* CursoPeladoUITests.swift in Sources */,
			);
			runOnlyForDeploymentPostprocessing = 0;
		};
/* End PBXSourcesBuildPhase section */

/* Begin PBXTargetDependency section */
		9FD077B42D288FAC00EA8E7E /* PBXTargetDependency */ = {
			isa = PBXTargetDependency;
			target = 9FD0779B2D288FAA00EA8E7E /* CursoPelado */;
			targetProxy = 9FD077B32D288FAC00EA8E7E /* PBXContainerItemProxy */;
		};
		9FD077BE2D288FAC00EA8E7E /* PBXTargetDependency */ = {
			isa = PBXTargetDependency;
			target = 9FD0779B2D288FAA00EA8E7E /* CursoPelado */;
			targetProxy = 9FD077BD2D288FAC00EA8E7E /* PBXContainerItemProxy */;
		};
/* End PBXTargetDependency section */

/* Begin PBXVariantGroup section */
		9FD077AA2D288FAC00EA8E7E /* LaunchScreen.storyboard */ = {
			isa = PBXVariantGroup;
			children = (
				9FD077AB2D288FAC00EA8E7E /* Base */,
			);
			name = LaunchScreen.storyboard;
			sourceTree = "<group>";
		};
/* End PBXVariantGroup section */

/* Begin XCBuildConfiguration section */
		9FD077C42D288FAC00EA8E7E /* Debug */ = {
			isa = XCBuildConfiguration;
			buildSettings = {
				ALWAYS_SEARCH_USER_PATHS = NO;
				ASSETCATALOG_COMPILER_GENERATE_SWIFT_ASSET_SYMBOL_EXTENSIONS = YES;
				CLANG_ANALYZER_NONNULL = YES;
				CLANG_ANALYZER_NUMBER_OBJECT_CONVERSION = YES_AGGRESSIVE;
				CLANG_CXX_LANGUAGE_STANDARD = "gnu++20";
				CLANG_ENABLE_MODULES = YES;
				CLANG_ENABLE_OBJC_ARC = YES;
				CLANG_ENABLE_OBJC_WEAK = YES;
				CLANG_WARN_BLOCK_CAPTURE_AUTORELEASING = YES;
				CLANG_WARN_BOOL_CONVERSION = YES;
				CLANG_WARN_COMMA = YES;
				CLANG_WARN_CONSTANT_CONVERSION = YES;
				CLANG_WARN_DEPRECATED_OBJC_IMPLEMENTATIONS = YES;
				CLANG_WARN_DIRECT_OBJC_ISA_USAGE = YES_ERROR;
				CLANG_WARN_DOCUMENTATION_COMMENTS = YES;
				CLANG_WARN_EMPTY_BODY = YES;
				CLANG_WARN_ENUM_CONVERSION = YES;
				CLANG_WARN_INFINITE_RECURSION = YES;
				CLANG_WARN_INT_CONVERSION = YES;
				CLANG_WARN_NON_LITERAL_NULL_CONVERSION = YES;
				CLANG_WARN_OBJC_IMPLICIT_RETAIN_SELF = YES;
				CLANG_WARN_OBJC_LITERAL_CONVERSION = YES;
				CLANG_WARN_OBJC_ROOT_CLASS = YES_ERROR;
				CLANG_WARN_QUOTED_INCLUDE_IN_FRAMEWORK_HEADER = YES;
				CLANG_WARN_RANGE_LOOP_ANALYSIS = YES;
				CLANG_WARN_STRICT_PROTOTYPES = YES;
				CLANG_WARN_SUSPICIOUS_MOVE = YES;
				CLANG_WARN_UNGUARDED_AVAILABILITY = YES_AGGRESSIVE;
				CLANG_WARN_UNREACHABLE_CODE = YES;
				CLANG_WARN__DUPLICATE_METHOD_MATCH = YES;
				COPY_PHASE_STRIP = NO;
				DEBUG_INFORMATION_FORMAT = dwarf;
				ENABLE_STRICT_OBJC_MSGSEND = YES;
				ENABLE_TESTABILITY = YES;
				ENABLE_USER_SCRIPT_SANDBOXING = YES;
				GCC_C_LANGUAGE_STANDARD = gnu17;
				GCC_DYNAMIC_NO_PIC = NO;
				GCC_NO_COMMON_BLOCKS = YES;
				GCC_OPTIMIZATION_LEVEL = 0;
				GCC_PREPROCESSOR_DEFINITIONS = (
					"DEBUG=1",
					"$(inherited)",
				);
				GCC_WARN_64_TO_32_BIT_CONVERSION = YES;
				GCC_WARN_ABOUT_RETURN_TYPE = YES_ERROR;
				GCC_WARN_UNDECLARED_SELECTOR = YES;
				GCC_WARN_UNINITIALIZED_AUTOS = YES_AGGRESSIVE;
				GCC_WARN_UNUSED_FUNCTION = YES;
				GCC_WARN_UNUSED_VARIABLE = YES;
				IPHONEOS_DEPLOYMENT_TARGET = 17.5;
				LOCALIZATION_PREFERS_STRING_CATALOGS = YES;
				MTL_ENABLE_DEBUG_INFO = INCLUDE_SOURCE;
				MTL_FAST_MATH = YES;
				ONLY_ACTIVE_ARCH = YES;
				SDKROOT = iphoneos;
				SWIFT_ACTIVE_COMPILATION_CONDITIONS = "DEBUG $(inherited)";
				SWIFT_OPTIMIZATION_LEVEL = "-Onone";
			};
			name = Debug;
		};
		9FD077C52D288FAC00EA8E7E /* Release */ = {
			isa = XCBuildConfiguration;
			buildSettings = {
				ALWAYS_SEARCH_USER_PATHS = NO;
				ASSETCATALOG_COMPILER_GENERATE_SWIFT_ASSET_SYMBOL_EXTENSIONS = YES;
				CLANG_ANALYZER_NONNULL = YES;
				CLANG_ANALYZER_NUMBER_OBJECT_CONVERSION = YES_AGGRESSIVE;
				CLANG_CXX_LANGUAGE_STANDARD = "gnu++20";
				CLANG_ENABLE_MODULES = YES;
				CLANG_ENABLE_OBJC_ARC = YES;
				CLANG_ENABLE_OBJC_WEAK = YES;
				CLANG_WARN_BLOCK_CAPTURE_AUTORELEASING = YES;
				CLANG_WARN_BOOL_CONVERSION = YES;
				CLANG_WARN_COMMA = YES;
				CLANG_WARN_CONSTANT_CONVERSION = YES;
				CLANG_WARN_DEPRECATED_OBJC_IMPLEMENTATIONS = YES;
				CLANG_WARN_DIRECT_OBJC_ISA_USAGE = YES_ERROR;
				CLANG_WARN_DOCUMENTATION_COMMENTS = YES;
				CLANG_WARN_EMPTY_BODY = YES;
				CLANG_WARN_ENUM_CONVERSION = YES;
				CLANG_WARN_INFINITE_RECURSION = YES;
				CLANG_WARN_INT_CONVERSION = YES;
				CLANG_WARN_NON_LITERAL_NULL_CONVERSION = YES;
				CLANG_WARN_OBJC_IMPLICIT_RETAIN_SELF = YES;
				CLANG_WARN_OBJC_LITERAL_CONVERSION = YES;
				CLANG_WARN_OBJC_ROOT_CLASS = YES_ERROR;
				CLANG_WARN_QUOTED_INCLUDE_IN_FRAMEWORK_HEADER = YES;
				CLANG_WARN_RANGE_LOOP_ANALYSIS = YES;
				CLANG_WARN_STRICT_PROTOTYPES = YES;
				CLANG_WARN_SUSPICIOUS_MOVE = YES;
				CLANG_WARN_UNGUARDED_AVAILABILITY = YES_AGGRESSIVE;
				CLANG_WARN_UNREACHABLE_CODE = YES;
				CLANG_WARN__DUPLICATE_METHOD_MATCH = YES;
				COPY_PHASE_STRIP = NO;
				DEBUG_INFORMATION_FORMAT = "dwarf-with-dsym";
				ENABLE_NS_ASSERTIONS = NO;
				ENABLE_STRICT_OBJC_MSGSEND = YES;
				ENABLE_USER_SCRIPT_SANDBOXING = YES;
				GCC_C_LANGUAGE_STANDARD = gnu17;
				GCC_NO_COMMON_BLOCKS = YES;
				GCC_WARN_64_TO_32_BIT_CONVERSION = YES;
				GCC_WARN_ABOUT_RETURN_TYPE = YES_ERROR;
				GCC_WARN_UNDECLARED_SELECTOR = YES;
				GCC_WARN_UNINITIALIZED_AUTOS = YES_AGGRESSIVE;
				GCC_WARN_UNUSED_FUNCTION = YES;
				GCC_WARN_UNUSED_VARIABLE = YES;
				IPHONEOS_DEPLOYMENT_TARGET = 17.5;
				LOCALIZATION_PREFERS_STRING_CATALOGS = YES;
				MTL_ENABLE_DEBUG_INFO = NO;
				MTL_FAST_MATH = YES;
				SDKROOT = iphoneos;
				SWIFT_COMPILATION_MODE = wholemodule;
				VALIDATE_PRODUCT = YES;
			};
			name = Release;
		};
		9FD077C72D288FAC00EA8E7E /* Debug */ = {
			isa = XCBuildConfiguration;
			buildSettings = {
				ASSETCATALOG_COMPILER_APPICON_NAME = AppIcon;
				ASSETCATALOG_COMPILER_GLOBAL_ACCENT_COLOR_NAME = AccentColor;
				CODE_SIGN_STYLE = Automatic;
				CURRENT_PROJECT_VERSION = 1;
				GENERATE_INFOPLIST_FILE = YES;
				INFOPLIST_FILE = CursoPelado/Info.plist;
				INFOPLIST_KEY_UIApplicationSupportsIndirectInputEvents = YES;
				INFOPLIST_KEY_UILaunchStoryboardName = LaunchScreen;
				INFOPLIST_KEY_UISupportedInterfaceOrientations_iPad = "UIInterfaceOrientationPortrait UIInterfaceOrientationPortraitUpsideDown UIInterfaceOrientationLandscapeLeft UIInterfaceOrientationLandscapeRight";
				INFOPLIST_KEY_UISupportedInterfaceOrientations_iPhone = "UIInterfaceOrientationPortrait UIInterfaceOrientationLandscapeLeft UIInterfaceOrientationLandscapeRight";
				LD_RUNPATH_SEARCH_PATHS = (
					"$(inherited)",
					"@executable_path/Frameworks",
				);
				MARKETING_VERSION = 1.0;
				PRODUCT_BUNDLE_IDENTIFIER = pruebas.CursoPelado;
				PRODUCT_NAME = "$(TARGET_NAME)";
				SWIFT_EMIT_LOC_STRINGS = YES;
				SWIFT_VERSION = 5.0;
				TARGETED_DEVICE_FAMILY = "1,2";
			};
			name = Debug;
		};
		9FD077C82D288FAC00EA8E7E /* Release */ = {
			isa = XCBuildConfiguration;
			buildSettings = {
				ASSETCATALOG_COMPILER_APPICON_NAME = AppIcon;
				ASSETCATALOG_COMPILER_GLOBAL_ACCENT_COLOR_NAME = AccentColor;
				CODE_SIGN_STYLE = Automatic;
				CURRENT_PROJECT_VERSION = 1;
				GENERATE_INFOPLIST_FILE = YES;
				INFOPLIST_FILE = CursoPelado/Info.plist;
				INFOPLIST_KEY_UIApplicationSupportsIndirectInputEvents = YES;
				INFOPLIST_KEY_UILaunchStoryboardName = LaunchScreen;
				INFOPLIST_KEY_UISupportedInterfaceOrientations_iPad = "UIInterfaceOrientationPortrait UIInterfaceOrientationPortraitUpsideDown UIInterfaceOrientationLandscapeLeft UIInterfaceOrientationLandscapeRight";
				INFOPLIST_KEY_UISupportedInterfaceOrientations_iPhone = "UIInterfaceOrientationPortrait UIInterfaceOrientationLandscapeLeft UIInterfaceOrientationLandscapeRight";
				LD_RUNPATH_SEARCH_PATHS = (
					"$(inherited)",
					"@executable_path/Frameworks",
				);
				MARKETING_VERSION = 1.0;
				PRODUCT_BUNDLE_IDENTIFIER = pruebas.CursoPelado;
				PRODUCT_NAME = "$(TARGET_NAME)";
				SWIFT_EMIT_LOC_STRINGS = YES;
				SWIFT_VERSION = 5.0;
				TARGETED_DEVICE_FAMILY = "1,2";
			};
			name = Release;
		};
		9FD077CA2D288FAC00EA8E7E /* Debug */ = {
			isa = XCBuildConfiguration;
			buildSettings = {
				ALWAYS_EMBED_SWIFT_STANDARD_LIBRARIES = YES;
				BUNDLE_LOADER = "$(TEST_HOST)";
				CODE_SIGN_STYLE = Automatic;
				CURRENT_PROJECT_VERSION = 1;
				GENERATE_INFOPLIST_FILE = YES;
				IPHONEOS_DEPLOYMENT_TARGET = 17.5;
				MARKETING_VERSION = 1.0;
				PRODUCT_BUNDLE_IDENTIFIER = pruebas.CursoPeladoTests;
				PRODUCT_NAME = "$(TARGET_NAME)";
				SWIFT_EMIT_LOC_STRINGS = NO;
				SWIFT_VERSION = 5.0;
				TARGETED_DEVICE_FAMILY = "1,2";
				TEST_HOST = "$(BUILT_PRODUCTS_DIR)/CursoPelado.app/$(BUNDLE_EXECUTABLE_FOLDER_PATH)/CursoPelado";
			};
			name = Debug;
		};
		9FD077CB2D288FAC00EA8E7E /* Release */ = {
			isa = XCBuildConfiguration;
			buildSettings = {
				ALWAYS_EMBED_SWIFT_STANDARD_LIBRARIES = YES;
				BUNDLE_LOADER = "$(TEST_HOST)";
				CODE_SIGN_STYLE = Automatic;
				CURRENT_PROJECT_VERSION = 1;
				GENERATE_INFOPLIST_FILE = YES;
				IPHONEOS_DEPLOYMENT_TARGET = 17.5;
				MARKETING_VERSION = 1.0;
				PRODUCT_BUNDLE_IDENTIFIER = pruebas.CursoPeladoTests;
				PRODUCT_NAME = "$(TARGET_NAME)";
				SWIFT_EMIT_LOC_STRINGS = NO;
				SWIFT_VERSION = 5.0;
				TARGETED_DEVICE_FAMILY = "1,2";
				TEST_HOST = "$(BUILT_PRODUCTS_DIR)/CursoPelado.app/$(BUNDLE_EXECUTABLE_FOLDER_PATH)/CursoPelado";
			};
			name = Release;
		};
		9FD077CD2D288FAC00EA8E7E /* Debug */ = {
			isa = XCBuildConfiguration;
			buildSettings = {
				ALWAYS_EMBED_SWIFT_STANDARD_LIBRARIES = YES;
				CODE_SIGN_STYLE = Automatic;
				CURRENT_PROJECT_VERSION = 1;
				GENERATE_INFOPLIST_FILE = YES;
				MARKETING_VERSION = 1.0;
				PRODUCT_BUNDLE_IDENTIFIER = pruebas.CursoPeladoUITests;
				PRODUCT_NAME = "$(TARGET_NAME)";
				SWIFT_EMIT_LOC_STRINGS = NO;
				SWIFT_VERSION = 5.0;
				TARGETED_DEVICE_FAMILY = "1,2";
				TEST_TARGET_NAME = CursoPelado;
			};
			name = Debug;
		};
		9FD077CE2D288FAC00EA8E7E /* Release */ = {
			isa = XCBuildConfiguration;
			buildSettings = {
				ALWAYS_EMBED_SWIFT_STANDARD_LIBRARIES = YES;
				CODE_SIGN_STYLE = Automatic;
				CURRENT_PROJECT_VERSION = 1;
				GENERATE_INFOPLIST_FILE = YES;
				MARKETING_VERSION = 1.0;
				PRODUCT_BUNDLE_IDENTIFIER = pruebas.CursoPeladoUITests;
				PRODUCT_NAME = "$(TARGET_NAME)";
				SWIFT_EMIT_LOC_STRINGS = NO;
				SWIFT_VERSION = 5.0;
				TARGETED_DEVICE_FAMILY = "1,2";
				TEST_TARGET_NAME = CursoPelado;
			};
			name = Release;
		};
/* End XCBuildConfiguration section */

/* Begin XCConfigurationList section */
		9FD077972D288FAA00EA8E7E /* Build configuration list for PBXProject "CursoPelado" */ = {
			isa = XCConfigurationList;
			buildConfigurations = (
				9FD077C42D288FAC00EA8E7E /* Debug */,
				9FD077C52D288FAC00EA8E7E /* Release */,
			);
			defaultConfigurationIsVisible = 0;
			defaultConfigurationName = Release;
		};
		9FD077C62D288FAC00EA8E7E /* Build configuration list for PBXNativeTarget "CursoPelado" */ = {
			isa = XCConfigurationList;
			buildConfigurations = (
				9FD077C72D288FAC00EA8E7E /* Debug */,
				9FD077C82D288FAC00EA8E7E /* Release */,
			);
			defaultConfigurationIsVisible = 0;
			defaultConfigurationName = Release;
		};
		9FD077C92D288FAC00EA8E7E /* Build configuration list for PBXNativeTarget "CursoPeladoTests" */ = {
			isa = XCConfigurationList;
			buildConfigurations = (
				9FD077CA2D288FAC00EA8E7E /* Debug */,
				9FD077CB2D288FAC00EA8E7E /* Release */,
			);
			defaultConfigurationIsVisible = 0;
			defaultConfigurationName = Release;
		};
		9FD077CC2D288FAC00EA8E7E /* Build configuration list for PBXNativeTarget "CursoPeladoUITests" */ = {
			isa = XCConfigurationList;
			buildConfigurations = (
				9FD077CD2D288FAC00EA8E7E /* Debug */,
				9FD077CE2D288FAC00EA8E7E /* Release */,
			);
			defaultConfigurationIsVisible = 0;
			defaultConfigurationName = Release;
		};
/* End XCConfigurationList section */
	};
	rootObject = 9FD077942D288FAA00EA8E7E /* Project object */;
}
